
Microsoft Visual Studio Solution File, Format Version 12.00
# Visual Studio 14
VisualStudioVersion = 14.0.25420.1
MinimumVisualStudioVersion = 10.0.40219.1
Project("{F184B08F-C81C-45F6-A57F-5ABD9991F28F}") = "HashTable", "HashTable\HashTable.vbproj", "{CA2E9D0D-DD92-47D0-8A86-E389D4B36AD1}"
EndProject
Global
	GlobalSection(SolutionConfigurationPlatforms) = preSolution
		Debug|Any CPU = Debug|Any CPU
		Release|Any CPU = Release|Any CPU
	EndGlobalSection
	GlobalSection(ProjectConfigurationPlatforms) = postSolution
		{CA2E9D0D-DD92-47D0-8A86-E389D4B36AD1}.Debug|Any CPU.ActiveCfg = Debug|Any CPU
		{CA2E9D0D-DD92-47D0-8A86-E389D4B36AD1}.Debug|Any CPU.Build.0 = Debug|Any CPU
		{CA2E9D0D-DD92-47D0-8A86-E389D4B36AD1}.Release|Any CPU.ActiveCfg = Release|Any CPU
		{CA2E9D0D-DD92-47D0-8A86-E389D4B36AD1}.Release|Any CPU.Build.0 = Release|Any CPU
	EndGlobalSection
	GlobalSection(SolutionProperties) = preSolution
		HideSolutionNode = FALSE
	EndGlobalSection
EndGlobal
